
Microsoft Visual Studio Solution File, Format Version 12.00
# Visual Studio 2012
Project("{FAE04EC0-301F-11D3-BF4B-00C04F79EFBC}") = "ShellCommandLine", "ShellCommandLine\ShellCommandLine.csproj", "{06E3F755-4174-4A5C-8CD4-6C56F0ECB404}"
EndProject
Project("{FAE04EC0-301F-11D3-BF4B-00C04F79EFBC}") = "RSA", "RSA\RSA.csproj", "{80A9385A-7FF2-4078-8A34-FAADCFB47C6D}"
EndProject
Project("{FAE04EC0-301F-11D3-BF4B-00C04F79EFBC}") = "CRC", "CRC\CRC.csproj", "{3151B881-48DF-4294-BF4A-A848B44D805A}"
EndProject
Project("{FAE04EC0-301F-11D3-BF4B-00C04F79EFBC}") = "Ceasar Cipher", "Ceasar Cipher\Ceasar Cipher.csproj", "{672E27EF-7AED-4729-94E3-9C632D8FF7BD}"
EndProject
Project("{FAE04EC0-301F-11D3-BF4B-00C04F79EFBC}") = "TextParsing", "TextParsing\TextParsing.csproj", "{BACB7754-2C05-4298-9622-F99FE717C847}"
EndProject
Project("{FAE04EC0-301F-11D3-BF4B-00C04F79EFBC}") = "Cat", "Cat\Cat.csproj", "{409AD53A-C9C4-4441-B889-81E4DB5F842A}"
EndProject
Project("{FAE04EC0-301F-11D3-BF4B-00C04F79EFBC}") = "SubstitutionCipher", "SubstitutionCipher\SubstitutionCipher.csproj", "{B78F50B0-1C3A-4891-96A3-4D7BEBD14604}"
EndProject
Global
	GlobalSection(SolutionConfigurationPlatforms) = preSolution
		Debug|Any CPU = Debug|Any CPU
		Release|Any CPU = Release|Any CPU
	EndGlobalSection
	GlobalSection(ProjectConfigurationPlatforms) = postSolution
		{06E3F755-4174-4A5C-8CD4-6C56F0ECB404}.Debug|Any CPU.ActiveCfg = Debug|Any CPU
		{06E3F755-4174-4A5C-8CD4-6C56F0ECB404}.Debug|Any CPU.Build.0 = Debug|Any CPU
		{06E3F755-4174-4A5C-8CD4-6C56F0ECB404}.Release|Any CPU.ActiveCfg = Release|Any CPU
		{06E3F755-4174-4A5C-8CD4-6C56F0ECB404}.Release|Any CPU.Build.0 = Release|Any CPU
		{80A9385A-7FF2-4078-8A34-FAADCFB47C6D}.Debug|Any CPU.ActiveCfg = Debug|Any CPU
		{80A9385A-7FF2-4078-8A34-FAADCFB47C6D}.Debug|Any CPU.Build.0 = Debug|Any CPU
		{80A9385A-7FF2-4078-8A34-FAADCFB47C6D}.Release|Any CPU.ActiveCfg = Release|Any CPU
		{80A9385A-7FF2-4078-8A34-FAADCFB47C6D}.Release|Any CPU.Build.0 = Release|Any CPU
		{3151B881-48DF-4294-BF4A-A848B44D805A}.Debug|Any CPU.ActiveCfg = Debug|Any CPU
		{3151B881-48DF-4294-BF4A-A848B44D805A}.Debug|Any CPU.Build.0 = Debug|Any CPU
		{3151B881-48DF-4294-BF4A-A848B44D805A}.Release|Any CPU.ActiveCfg = Release|Any CPU
		{3151B881-48DF-4294-BF4A-A848B44D805A}.Release|Any CPU.Build.0 = Release|Any CPU
		{672E27EF-7AED-4729-94E3-9C632D8FF7BD}.Debug|Any CPU.ActiveCfg = Debug|Any CPU
		{672E27EF-7AED-4729-94E3-9C632D8FF7BD}.Debug|Any CPU.Build.0 = Debug|Any CPU
		{672E27EF-7AED-4729-94E3-9C632D8FF7BD}.Release|Any CPU.ActiveCfg = Release|Any CPU
		{672E27EF-7AED-4729-94E3-9C632D8FF7BD}.Release|Any CPU.Build.0 = Release|Any CPU
		{BACB7754-2C05-4298-9622-F99FE717C847}.Debug|Any CPU.ActiveCfg = Debug|Any CPU
		{BACB7754-2C05-4298-9622-F99FE717C847}.Debug|Any CPU.Build.0 = Debug|Any CPU
		{BACB7754-2C05-4298-9622-F99FE717C847}.Release|Any CPU.ActiveCfg = Release|Any CPU
		{BACB7754-2C05-4298-9622-F99FE717C847}.Release|Any CPU.Build.0 = Release|Any CPU
		{409AD53A-C9C4-4441-B889-81E4DB5F842A}.Debug|Any CPU.ActiveCfg = Debug|Any CPU
		{409AD53A-C9C4-4441-B889-81E4DB5F842A}.Debug|Any CPU.Build.0 = Debug|Any CPU
		{409AD53A-C9C4-4441-B889-81E4DB5F842A}.Release|Any CPU.ActiveCfg = Release|Any CPU
		{409AD53A-C9C4-4441-B889-81E4DB5F842A}.Release|Any CPU.Build.0 = Release|Any CPU
		{B78F50B0-1C3A-4891-96A3-4D7BEBD14604}.Debug|Any CPU.ActiveCfg = Debug|Any CPU
		{B78F50B0-1C3A-4891-96A3-4D7BEBD14604}.Debug|Any CPU.Build.0 = Debug|Any CPU
		{B78F50B0-1C3A-4891-96A3-4D7BEBD14604}.Release|Any CPU.ActiveCfg = Release|Any CPU
		{B78F50B0-1C3A-4891-96A3-4D7BEBD14604}.Release|Any CPU.Build.0 = Release|Any CPU
	EndGlobalSection
	GlobalSection(SolutionProperties) = preSolution
		HideSolutionNode = FALSE
	EndGlobalSection
EndGlobal
